
Microsoft Visual Studio Solution File, Format Version 12.00
# Visual Studio Version 17
VisualStudioVersion = 17.14.36804.6 d17.14
MinimumVisualStudioVersion = 10.0.40219.1
Project("{FAE04EC0-301F-11D3-BF4B-00C04F79EFBC}") = "LocacaoCarros", "LocacaoCarros\LocacaoCarros.csproj", "{B02F2479-8A65-423B-B81F-EBEC71FB3A4F}"
EndProject
Global
	GlobalSection(SolutionConfigurationPlatforms) = preSolution
		Debug|Any CPU = Debug|Any CPU
		Release|Any CPU = Release|Any CPU
	EndGlobalSection
	GlobalSection(ProjectConfigurationPlatforms) = postSolution
		{B02F2479-8A65-423B-B81F-EBEC71FB3A4F}.Debug|Any CPU.ActiveCfg = Debug|Any CPU
		{B02F2479-8A65-423B-B81F-EBEC71FB3A4F}.Debug|Any CPU.Build.0 = Debug|Any CPU
		{B02F2479-8A65-423B-B81F-EBEC71FB3A4F}.Release|Any CPU.ActiveCfg = Release|Any CPU
		{B02F2479-8A65-423B-B81F-EBEC71FB3A4F}.Release|Any CPU.Build.0 = Release|Any CPU
	EndGlobalSection
	GlobalSection(SolutionProperties) = preSolution
		HideSolutionNode = FALSE
	EndGlobalSection
	GlobalSection(ExtensibilityGlobals) = postSolution
		SolutionGuid = {E42D2318-9772-4AF0-8CF2-00A29513E296}
	EndGlobalSection
EndGlobal
